
Microsoft Visual Studio Solution File, Format Version 12.00
# Visual Studio 15
VisualStudioVersion = 15.0.28307.489
MinimumVisualStudioVersion = 10.0.40219.1
Project("{FAE04EC0-301F-11D3-BF4B-00C04F79EFBC}") = "Xadrez-Console", "Xadrez-Console\Xadrez-Console.csproj", "{B25FD36C-EA4D-4327-B20A-7F3F4DFDF01A}"
EndProject
Global
	GlobalSection(SolutionConfigurationPlatforms) = preSolution
		Debug|Any CPU = Debug|Any CPU
		Release|Any CPU = Release|Any CPU
	EndGlobalSection
	GlobalSection(ProjectConfigurationPlatforms) = postSolution
		{B25FD36C-EA4D-4327-B20A-7F3F4DFDF01A}.Debug|Any CPU.ActiveCfg = Debug|Any CPU
		{B25FD36C-EA4D-4327-B20A-7F3F4DFDF01A}.Debug|Any CPU.Build.0 = Debug|Any CPU
		{B25FD36C-EA4D-4327-B20A-7F3F4DFDF01A}.Release|Any CPU.ActiveCfg = Release|Any CPU
		{B25FD36C-EA4D-4327-B20A-7F3F4DFDF01A}.Release|Any CPU.Build.0 = Release|Any CPU
	EndGlobalSection
	GlobalSection(SolutionProperties) = preSolution
		HideSolutionNode = FALSE
	EndGlobalSection
	GlobalSection(ExtensibilityGlobals) = postSolution
		SolutionGuid = {1449F04E-1415-49D3-9C52-F78B9B63787B}
	EndGlobalSection
EndGlobal
